// !$*UTF8*$!
{
	archiveVersion = 1;
	classes = {
	};
	objectVersion = 46;
	objects = {

/* Begin PBXBuildFile section */
		7970A514D20697770324DFD8 /* libPods.a in Frameworks */ = {isa = PBXBuildFile; fileRef = 46A13255C74E2132373D66B5 /* libPods.a */; };
		841474031C9A443900512FFB /* LCAllViewController.m in Sources */ = {isa = PBXBuildFile; fileRef = 841474021C9A443900512FFB /* LCAllViewController.m */; };
		841474061C9A444E00512FFB /* LCVideoViewController.m in Sources */ = {isa = PBXBuildFile; fileRef = 841474051C9A444E00512FFB /* LCVideoViewController.m */; };
		841474091C9A447600512FFB /* LCSoundViewController.m in Sources */ = {isa = PBXBuildFile; fileRef = 841474081C9A447600512FFB /* LCSoundViewController.m */; };
		8414740C1C9A44A000512FFB /* LCPictureViewController.m in Sources */ = {isa = PBXBuildFile; fileRef = 8414740B1C9A44A000512FFB /* LCPictureViewController.m */; };
		8414740F1C9A44E500512FFB /* LCPieceViewController.m in Sources */ = {isa = PBXBuildFile; fileRef = 8414740E1C9A44E500512FFB /* LCPieceViewController.m */; };
		842B023A1C942547003B6095 /* LCTabBar.m in Sources */ = {isa = PBXBuildFile; fileRef = 842B02391C942547003B6095 /* LCTabBar.m */; };
		842B023D1C942E17003B6095 /* LCNavigationController.m in Sources */ = {isa = PBXBuildFile; fileRef = 842B023C1C942E17003B6095 /* LCNavigationController.m */; };
		842B02431C943070003B6095 /* UIBarButtonItem+LC.m in Sources */ = {isa = PBXBuildFile; fileRef = 842B02421C943070003B6095 /* UIBarButtonItem+LC.m */; };
		842B024A1C943D6E003B6095 /* LCSettingViewController.m in Sources */ = {isa = PBXBuildFile; fileRef = 842B02491C943D6E003B6095 /* LCSettingViewController.m */; };
		842B024D1C9442A4003B6095 /* LCRecomViewController.m in Sources */ = {isa = PBXBuildFile; fileRef = 842B024C1C9442A4003B6095 /* LCRecomViewController.m */; };
		842B02541C945436003B6095 /* LCADViewController.m in Sources */ = {isa = PBXBuildFile; fileRef = 842B02531C945436003B6095 /* LCADViewController.m */; };
		842B02561C945485003B6095 /* LCADViewController.xib in Resources */ = {isa = PBXBuildFile; fileRef = 842B02551C945485003B6095 /* LCADViewController.xib */; };
		842B02601C945516003B6095 /* Contents.json in Resources */ = {isa = PBXBuildFile; fileRef = 842B02581C945516003B6095 /* Contents.json */; };
		842B02611C945516003B6095 /* LaunchImage-568h@2x.png in Resources */ = {isa = PBXBuildFile; fileRef = 842B02591C945516003B6095 /* LaunchImage-568h@2x.png */; };
		842B02621C945516003B6095 /* LaunchImage-700-568h@2x.png in Resources */ = {isa = PBXBuildFile; fileRef = 842B025A1C945516003B6095 /* LaunchImage-700-568h@2x.png */; };
		842B02631C945516003B6095 /* LaunchImage-700@2x.png in Resources */ = {isa = PBXBuildFile; fileRef = 842B025B1C945516003B6095 /* LaunchImage-700@2x.png */; };
		842B02641C945516003B6095 /* LaunchImage-800-667h@2x.png in Resources */ = {isa = PBXBuildFile; fileRef = 842B025C1C945516003B6095 /* LaunchImage-800-667h@2x.png */; };
		842B02651C945516003B6095 /* LaunchImage-800-Portrait-736h@3x.png in Resources */ = {isa = PBXBuildFile; fileRef = 842B025D1C945516003B6095 /* LaunchImage-800-Portrait-736h@3x.png */; };
		842B02661C945516003B6095 /* LaunchImage.png in Resources */ = {isa = PBXBuildFile; fileRef = 842B025E1C945516003B6095 /* LaunchImage.png */; };
		842B02671C945516003B6095 /* LaunchImage@2x.png in Resources */ = {isa = PBXBuildFile; fileRef = 842B025F1C945516003B6095 /* LaunchImage@2x.png */; };
		842B026A1C945F97003B6095 /* UIView+LCFrame.m in Sources */ = {isa = PBXBuildFile; fileRef = 842B02691C945F97003B6095 /* UIView+LCFrame.m */; };
		8437F58B1C92DE6E000926BA /* LCTabBarController.m in Sources */ = {isa = PBXBuildFile; fileRef = 8437F58A1C92DE6E000926BA /* LCTabBarController.m */; };
		8437F58E1C92DF87000926BA /* LCEssenceViewController.m in Sources */ = {isa = PBXBuildFile; fileRef = 8437F58D1C92DF87000926BA /* LCEssenceViewController.m */; };
		8437F5911C92DFB7000926BA /* LCFriendTrendViewController.m in Sources */ = {isa = PBXBuildFile; fileRef = 8437F5901C92DFB7000926BA /* LCFriendTrendViewController.m */; };
		8437F5941C92DFE2000926BA /* LCMineViewController.m in Sources */ = {isa = PBXBuildFile; fileRef = 8437F5931C92DFE2000926BA /* LCMineViewController.m */; };
		8437F5971C92E002000926BA /* LCNewViewController.m in Sources */ = {isa = PBXBuildFile; fileRef = 8437F5961C92E002000926BA /* LCNewViewController.m */; };
		8437F59A1C92E02D000926BA /* LCPublishViewController.m in Sources */ = {isa = PBXBuildFile; fileRef = 8437F5991C92E02D000926BA /* LCPublishViewController.m */; };
		8437F59E1C92E6A9000926BA /* UIImage+LC.m in Sources */ = {isa = PBXBuildFile; fileRef = 8437F59D1C92E6A9000926BA /* UIImage+LC.m */; };
		84404BE61C92D73F008FE8C1 /* Main.storyboard in Resources */ = {isa = PBXBuildFile; fileRef = 84404BE41C92D73F008FE8C1 /* Main.storyboard */; };
		84404BE81C92D73F008FE8C1 /* Assets.xcassets in Resources */ = {isa = PBXBuildFile; fileRef = 84404BE71C92D73F008FE8C1 /* Assets.xcassets */; };
		84404BEB1C92D73F008FE8C1 /* LaunchScreen.storyboard in Resources */ = {isa = PBXBuildFile; fileRef = 84404BE91C92D73F008FE8C1 /* LaunchScreen.storyboard */; };
		84404BFD1C92D920008FE8C1 /* AppDelegate.m in Sources */ = {isa = PBXBuildFile; fileRef = 84404BFA1C92D920008FE8C1 /* AppDelegate.m */; };
		84404BFE1C92D920008FE8C1 /* main.m in Sources */ = {isa = PBXBuildFile; fileRef = 84404BFB1C92D920008FE8C1 /* main.m */; };
		8462E03C1C9C27F8007620FB /* LCConst.m in Sources */ = {isa = PBXBuildFile; fileRef = 8462E03B1C9C27F8007620FB /* LCConst.m */; };
		8462E03F1C9C3530007620FB /* LCTitleButton.m in Sources */ = {isa = PBXBuildFile; fileRef = 8462E03E1C9C3530007620FB /* LCTitleButton.m */; };
		847E62171C98217C00A55754 /* LCADItem.m in Sources */ = {isa = PBXBuildFile; fileRef = 847E62161C98217C00A55754 /* LCADItem.m */; };
		847E621A1C982DAE00A55754 /* LCSubTagItem.m in Sources */ = {isa = PBXBuildFile; fileRef = 847E62191C982DAE00A55754 /* LCSubTagItem.m */; };
		847E621D1C98306A00A55754 /* LCSubTagCell.m in Sources */ = {isa = PBXBuildFile; fileRef = 847E621C1C98306A00A55754 /* LCSubTagCell.m */; };
		847E621F1C98309100A55754 /* LCSubTagCell.xib in Resources */ = {isa = PBXBuildFile; fileRef = 847E621E1C98309100A55754 /* LCSubTagCell.xib */; };
		847E62211C9847D100A55754 /* LCFriendTrendViewController.xib in Resources */ = {isa = PBXBuildFile; fileRef = 847E62201C9847D100A55754 /* LCFriendTrendViewController.xib */; };
		847E62251C9851EF00A55754 /* LCLoginRegisterViewController.m in Sources */ = {isa = PBXBuildFile; fileRef = 847E62231C9851EF00A55754 /* LCLoginRegisterViewController.m */; };
		847E62261C9851EF00A55754 /* LCLoginRegisterViewController.xib in Resources */ = {isa = PBXBuildFile; fileRef = 847E62241C9851EF00A55754 /* LCLoginRegisterViewController.xib */; };
		847E62291C9857BB00A55754 /* LCLoginRegistView.m in Sources */ = {isa = PBXBuildFile; fileRef = 847E62281C9857BB00A55754 /* LCLoginRegistView.m */; };
		847E622B1C9857D700A55754 /* LCLoginRegistView.xib in Resources */ = {isa = PBXBuildFile; fileRef = 847E622A1C9857D700A55754 /* LCLoginRegistView.xib */; };
		847E622E1C986DE300A55754 /* LCFastLoginRegistView.m in Sources */ = {isa = PBXBuildFile; fileRef = 847E622D1C986DE300A55754 /* LCFastLoginRegistView.m */; };
		847E62301C986DF600A55754 /* LCFastLoginRegistView.xib in Resources */ = {isa = PBXBuildFile; fileRef = 847E622F1C986DF600A55754 /* LCFastLoginRegistView.xib */; };
		847E62331C9873E500A55754 /* LCRegistButton.m in Sources */ = {isa = PBXBuildFile; fileRef = 847E62321C9873E500A55754 /* LCRegistButton.m */; };
		8493E4251C99935300BB2B8F /* LCWebViewController.m in Sources */ = {isa = PBXBuildFile; fileRef = 8493E4231C99935300BB2B8F /* LCWebViewController.m */; };
		8493E4261C99935300BB2B8F /* LCWebViewController.xib in Resources */ = {isa = PBXBuildFile; fileRef = 8493E4241C99935300BB2B8F /* LCWebViewController.xib */; };
		8493E4281C99977500BB2B8F /* WebKit.framework in Frameworks */ = {isa = PBXBuildFile; fileRef = 8493E4271C99977500BB2B8F /* WebKit.framework */; };
		8493E42C1C99A60900BB2B8F /* LCCleanFileTool.m in Sources */ = {isa = PBXBuildFile; fileRef = 8493E42B1C99A60900BB2B8F /* LCCleanFileTool.m */; };
		849942851C9969340031CBB0 /* LCLoginTextField.m in Sources */ = {isa = PBXBuildFile; fileRef = 849942841C9969340031CBB0 /* LCLoginTextField.m */; };
		849942881C996B7C0031CBB0 /* UITextField+Placeholder.m in Sources */ = {isa = PBXBuildFile; fileRef = 849942871C996B7C0031CBB0 /* UITextField+Placeholder.m */; };
		8499428A1C9974D80031CBB0 /* LCMineViewController.storyboard in Resources */ = {isa = PBXBuildFile; fileRef = 849942891C9974D80031CBB0 /* LCMineViewController.storyboard */; };
		8499428D1C997AF90031CBB0 /* LCSquareItem.m in Sources */ = {isa = PBXBuildFile; fileRef = 8499428C1C997AF90031CBB0 /* LCSquareItem.m */; };
		849942911C997F310031CBB0 /* LCSquareCell.m in Sources */ = {isa = PBXBuildFile; fileRef = 8499428F1C997F310031CBB0 /* LCSquareCell.m */; };
		849942921C997F310031CBB0 /* LCSquareCell.xib in Resources */ = {isa = PBXBuildFile; fileRef = 849942901C997F310031CBB0 /* LCSquareCell.xib */; };
		84E66F5C1CA15616000302F7 /* LCTopic.m in Sources */ = {isa = PBXBuildFile; fileRef = 84E66F5B1CA15616000302F7 /* LCTopic.m */; };
		84E66F601CA16B45000302F7 /* LCTopicViewCell.m in Sources */ = {isa = PBXBuildFile; fileRef = 84E66F5E1CA16B45000302F7 /* LCTopicViewCell.m */; };
		84E66F611CA16B45000302F7 /* LCTopicViewCell.xib in Resources */ = {isa = PBXBuildFile; fileRef = 84E66F5F1CA16B45000302F7 /* LCTopicViewCell.xib */; };
/* End PBXBuildFile section */

/* Begin PBXFileReference section */
		11653FC2223D5464D20E7DCD /* Pods.debug.xcconfig */ = {isa = PBXFileReference; includeInIndex = 1; lastKnownFileType = text.xcconfig; name = Pods.debug.xcconfig; path = "Pods/Target Support Files/Pods/Pods.debug.xcconfig"; sourceTree = "<group>"; };
		46A13255C74E2132373D66B5 /* libPods.a */ = {isa = PBXFileReference; explicitFileType = archive.ar; includeInIndex = 0; path = libPods.a; sourceTree = BUILT_PRODUCTS_DIR; };
		841474011C9A443900512FFB /* LCAllViewController.h */ = {isa = PBXFileReference; fileEncoding = 4; lastKnownFileType = sourcecode.c.h; path = LCAllViewController.h; sourceTree = "<group>"; };
		841474021C9A443900512FFB /* LCAllViewController.m */ = {isa = PBXFileReference; fileEncoding = 4; lastKnownFileType = sourcecode.c.objc; path = LCAllViewController.m; sourceTree = "<group>"; };
		841474041C9A444E00512FFB /* LCVideoViewController.h */ = {isa = PBXFileReference; fileEncoding = 4; lastKnownFileType = sourcecode.c.h; path = LCVideoViewController.h; sourceTree = "<group>"; };
		841474051C9A444E00512FFB /* LCVideoViewController.m */ = {isa = PBXFileReference; fileEncoding = 4; lastKnownFileType = sourcecode.c.objc; path = LCVideoViewController.m; sourceTree = "<group>"; };
		841474071C9A447600512FFB /* LCSoundViewController.h */ = {isa = PBXFileReference; fileEncoding = 4; lastKnownFileType = sourcecode.c.h; path = LCSoundViewController.h; sourceTree = "<group>"; };
		841474081C9A447600512FFB /* LCSoundViewController.m */ = {isa = PBXFileReference; fileEncoding = 4; lastKnownFileType = sourcecode.c.objc; path = LCSoundViewController.m; sourceTree = "<group>"; };
		8414740A1C9A44A000512FFB /* LCPictureViewController.h */ = {isa = PBXFileReference; fileEncoding = 4; lastKnownFileType = sourcecode.c.h; path = LCPictureViewController.h; sourceTree = "<group>"; };
		8414740B1C9A44A000512FFB /* LCPictureViewController.m */ = {isa = PBXFileReference; fileEncoding = 4; lastKnownFileType = sourcecode.c.objc; path = LCPictureViewController.m; sourceTree = "<group>"; };
		8414740D1C9A44E500512FFB /* LCPieceViewController.h */ = {isa = PBXFileReference; fileEncoding = 4; lastKnownFileType = sourcecode.c.h; path = LCPieceViewController.h; sourceTree = "<group>"; };
		8414740E1C9A44E500512FFB /* LCPieceViewController.m */ = {isa = PBXFileReference; fileEncoding = 4; lastKnownFileType = sourcecode.c.objc; path = LCPieceViewController.m; sourceTree = "<group>"; };
		842B02351C93DA3B003B6095 /* LCBudejie.pch */ = {isa = PBXFileReference; lastKnownFileType = sourcecode.c.h; name = LCBudejie.pch; path = ../../LCBudejie.pch; sourceTree = "<group>"; };
		842B02381C942547003B6095 /* LCTabBar.h */ = {isa = PBXFileReference; fileEncoding = 4; lastKnownFileType = sourcecode.c.h; path = LCTabBar.h; sourceTree = "<group>"; };
		842B02391C942547003B6095 /* LCTabBar.m */ = {isa = PBXFileReference; fileEncoding = 4; lastKnownFileType = sourcecode.c.objc; path = LCTabBar.m; sourceTree = "<group>"; };
		842B023B1C942E17003B6095 /* LCNavigationController.h */ = {isa = PBXFileReference; fileEncoding = 4; lastKnownFileType = sourcecode.c.h; path = LCNavigationController.h; sourceTree = "<group>"; };
		842B023C1C942E17003B6095 /* LCNavigationController.m */ = {isa = PBXFileReference; fileEncoding = 4; lastKnownFileType = sourcecode.c.objc; path = LCNavigationController.m; sourceTree = "<group>"; };
		842B02411C943070003B6095 /* UIBarButtonItem+LC.h */ = {isa = PBXFileReference; fileEncoding = 4; lastKnownFileType = sourcecode.c.h; path = "UIBarButtonItem+LC.h"; sourceTree = "<group>"; };
		842B02421C943070003B6095 /* UIBarButtonItem+LC.m */ = {isa = PBXFileReference; fileEncoding = 4; lastKnownFileType = sourcecode.c.objc; path = "UIBarButtonItem+LC.m"; sourceTree = "<group>"; };
		842B02481C943D6E003B6095 /* LCSettingViewController.h */ = {isa = PBXFileReference; fileEncoding = 4; lastKnownFileType = sourcecode.c.h; path = LCSettingViewController.h; sourceTree = "<group>"; };
		842B02491C943D6E003B6095 /* LCSettingViewController.m */ = {isa = PBXFileReference; fileEncoding = 4; lastKnownFileType = sourcecode.c.objc; path = LCSettingViewController.m; sourceTree = "<group>"; };
		842B024B1C9442A4003B6095 /* LCRecomViewController.h */ = {isa = PBXFileReference; fileEncoding = 4; lastKnownFileType = sourcecode.c.h; path = LCRecomViewController.h; sourceTree = "<group>"; };
		842B024C1C9442A4003B6095 /* LCRecomViewController.m */ = {isa = PBXFileReference; fileEncoding = 4; lastKnownFileType = sourcecode.c.objc; path = LCRecomViewController.m; sourceTree = "<group>"; };
		842B02521C945436003B6095 /* LCADViewController.h */ = {isa = PBXFileReference; fileEncoding = 4; lastKnownFileType = sourcecode.c.h; path = LCADViewController.h; sourceTree = "<group>"; };
		842B02531C945436003B6095 /* LCADViewController.m */ = {isa = PBXFileReference; fileEncoding = 4; lastKnownFileType = sourcecode.c.objc; path = LCADViewController.m; sourceTree = "<group>"; };
		842B02551C945485003B6095 /* LCADViewController.xib */ = {isa = PBXFileReference; fileEncoding = 4; lastKnownFileType = file.xib; path = LCADViewController.xib; sourceTree = "<group>"; };
		842B02581C945516003B6095 /* Contents.json */ = {isa = PBXFileReference; fileEncoding = 4; lastKnownFileType = text.json; path = Contents.json; sourceTree = "<group>"; };
		842B02591C945516003B6095 /* LaunchImage-568h@2x.png */ = {isa = PBXFileReference; lastKnownFileType = image.png; path = "LaunchImage-568h@2x.png"; sourceTree = "<group>"; };
		842B025A1C945516003B6095 /* LaunchImage-700-568h@2x.png */ = {isa = PBXFileReference; lastKnownFileType = image.png; path = "LaunchImage-700-568h@2x.png"; sourceTree = "<group>"; };
		842B025B1C945516003B6095 /* LaunchImage-700@2x.png */ = {isa = PBXFileReference; lastKnownFileType = image.png; path = "LaunchImage-700@2x.png"; sourceTree = "<group>"; };
		842B025C1C945516003B6095 /* LaunchImage-800-667h@2x.png */ = {isa = PBXFileReference; lastKnownFileType = image.png; path = "LaunchImage-800-667h@2x.png"; sourceTree = "<group>"; };
		842B025D1C945516003B6095 /* LaunchImage-800-Portrait-736h@3x.png */ = {isa = PBXFileReference; lastKnownFileType = image.png; path = "LaunchImage-800-Portrait-736h@3x.png"; sourceTree = "<group>"; };
		842B025E1C945516003B6095 /* LaunchImage.png */ = {isa = PBXFileReference; lastKnownFileType = image.png; path = LaunchImage.png; sourceTree = "<group>"; };
		842B025F1C945516003B6095 /* LaunchImage@2x.png */ = {isa = PBXFileReference; lastKnownFileType = image.png; path = "LaunchImage@2x.png"; sourceTree = "<group>"; };
		842B02681C945F97003B6095 /* UIView+LCFrame.h */ = {isa = PBXFileReference; fileEncoding = 4; lastKnownFileType = sourcecode.c.h; path = "UIView+LCFrame.h"; sourceTree = "<group>"; };
		842B02691C945F97003B6095 /* UIView+LCFrame.m */ = {isa = PBXFileReference; fileEncoding = 4; lastKnownFileType = sourcecode.c.objc; path = "UIView+LCFrame.m"; sourceTree = "<group>"; };
		8437F5891C92DE6E000926BA /* LCTabBarController.h */ = {isa = PBXFileReference; fileEncoding = 4; lastKnownFileType = sourcecode.c.h; path = LCTabBarController.h; sourceTree = "<group>"; };
		8437F58A1C92DE6E000926BA /* LCTabBarController.m */ = {isa = PBXFileReference; fileEncoding = 4; lastKnownFileType = sourcecode.c.objc; path = LCTabBarController.m; sourceTree = "<group>"; };
		8437F58C1C92DF87000926BA /* LCEssenceViewController.h */ = {isa = PBXFileReference; fileEncoding = 4; lastKnownFileType = sourcecode.c.h; path = LCEssenceViewController.h; sourceTree = "<group>"; };
		8437F58D1C92DF87000926BA /* LCEssenceViewController.m */ = {isa = PBXFileReference; fileEncoding = 4; lastKnownFileType = sourcecode.c.objc; path = LCEssenceViewController.m; sourceTree = "<group>"; };
		8437F58F1C92DFB7000926BA /* LCFriendTrendViewController.h */ = {isa = PBXFileReference; fileEncoding = 4; lastKnownFileType = sourcecode.c.h; path = LCFriendTrendViewController.h; sourceTree = "<group>"; };
		8437F5901C92DFB7000926BA /* LCFriendTrendViewController.m */ = {isa = PBXFileReference; fileEncoding = 4; lastKnownFileType = sourcecode.c.objc; path = LCFriendTrendViewController.m; sourceTree = "<group>"; };
		8437F5921C92DFE2000926BA /* LCMineViewController.h */ = {isa = PBXFileReference; fileEncoding = 4; lastKnownFileType = sourcecode.c.h; path = LCMineViewController.h; sourceTree = "<group>"; };
		8437F5931C92DFE2000926BA /* LCMineViewController.m */ = {isa = PBXFileReference; fileEncoding = 4; lastKnownFileType = sourcecode.c.objc; path = LCMineViewController.m; sourceTree = "<group>"; };
		8437F5951C92E002000926BA /* LCNewViewController.h */ = {isa = PBXFileReference; fileEncoding = 4; lastKnownFileType = sourcecode.c.h; path = LCNewViewController.h; sourceTree = "<group>"; };
		8437F5961C92E002000926BA /* LCNewViewController.m */ = {isa = PBXFileReference; fileEncoding = 4; lastKnownFileType = sourcecode.c.objc; path = LCNewViewController.m; sourceTree = "<group>"; };
		8437F5981C92E02D000926BA /* LCPublishViewController.h */ = {isa = PBXFileReference; fileEncoding = 4; lastKnownFileType = sourcecode.c.h; path = LCPublishViewController.h; sourceTree = "<group>"; };
		8437F5991C92E02D000926BA /* LCPublishViewController.m */ = {isa = PBXFileReference; fileEncoding = 4; lastKnownFileType = sourcecode.c.objc; path = LCPublishViewController.m; sourceTree = "<group>"; };
		8437F59C1C92E6A9000926BA /* UIImage+LC.h */ = {isa = PBXFileReference; fileEncoding = 4; lastKnownFileType = sourcecode.c.h; path = "UIImage+LC.h"; sourceTree = "<group>"; };
		8437F59D1C92E6A9000926BA /* UIImage+LC.m */ = {isa = PBXFileReference; fileEncoding = 4; lastKnownFileType = sourcecode.c.objc; path = "UIImage+LC.m"; sourceTree = "<group>"; };
		84404BD81C92D73F008FE8C1 /* LCBudejie.app */ = {isa = PBXFileReference; explicitFileType = wrapper.application; includeInIndex = 0; path = LCBudejie.app; sourceTree = BUILT_PRODUCTS_DIR; };
		84404BE51C92D73F008FE8C1 /* Base */ = {isa = PBXFileReference; lastKnownFileType = file.storyboard; name = Base; path = Base.lproj/Main.storyboard; sourceTree = "<group>"; };
		84404BE71C92D73F008FE8C1 /* Assets.xcassets */ = {isa = PBXFileReference; lastKnownFileType = folder.assetcatalog; path = Assets.xcassets; sourceTree = "<group>"; };
		84404BEA1C92D73F008FE8C1 /* Base */ = {isa = PBXFileReference; lastKnownFileType = file.storyboard; name = Base; path = Base.lproj/LaunchScreen.storyboard; sourceTree = "<group>"; };
		84404BEC1C92D73F008FE8C1 /* Info.plist */ = {isa = PBXFileReference; lastKnownFileType = text.plist.xml; path = Info.plist; sourceTree = "<group>"; };
		84404BF91C92D920008FE8C1 /* AppDelegate.h */ = {isa = PBXFileReference; fileEncoding = 4; lastKnownFileType = sourcecode.c.h; path = AppDelegate.h; sourceTree = "<group>"; };
		84404BFA1C92D920008FE8C1 /* AppDelegate.m */ = {isa = PBXFileReference; fileEncoding = 4; lastKnownFileType = sourcecode.c.objc; path = AppDelegate.m; sourceTree = "<group>"; };
		84404BFB1C92D920008FE8C1 /* main.m */ = {isa = PBXFileReference; fileEncoding = 4; lastKnownFileType = sourcecode.c.objc; path = main.m; sourceTree = "<group>"; };
		8462E03A1C9C27F8007620FB /* LCConst.h */ = {isa = PBXFileReference; fileEncoding = 4; lastKnownFileType = sourcecode.c.h; path = LCConst.h; sourceTree = "<group>"; };
		8462E03B1C9C27F8007620FB /* LCConst.m */ = {isa = PBXFileReference; fileEncoding = 4; lastKnownFileType = sourcecode.c.objc; path = LCConst.m; sourceTree = "<group>"; };
		8462E03D1C9C3530007620FB /* LCTitleButton.h */ = {isa = PBXFileReference; fileEncoding = 4; lastKnownFileType = sourcecode.c.h; path = LCTitleButton.h; sourceTree = "<group>"; };
		8462E03E1C9C3530007620FB /* LCTitleButton.m */ = {isa = PBXFileReference; fileEncoding = 4; lastKnownFileType = sourcecode.c.objc; path = LCTitleButton.m; sourceTree = "<group>"; };
		847E62151C98217C00A55754 /* LCADItem.h */ = {isa = PBXFileReference; fileEncoding = 4; lastKnownFileType = sourcecode.c.h; path = LCADItem.h; sourceTree = "<group>"; };
		847E62161C98217C00A55754 /* LCADItem.m */ = {isa = PBXFileReference; fileEncoding = 4; lastKnownFileType = sourcecode.c.objc; path = LCADItem.m; sourceTree = "<group>"; };
		847E62181C982DAE00A55754 /* LCSubTagItem.h */ = {isa = PBXFileReference; fileEncoding = 4; lastKnownFileType = sourcecode.c.h; path = LCSubTagItem.h; sourceTree = "<group>"; };
		847E62191C982DAE00A55754 /* LCSubTagItem.m */ = {isa = PBXFileReference; fileEncoding = 4; lastKnownFileType = sourcecode.c.objc; path = LCSubTagItem.m; sourceTree = "<group>"; };
		847E621B1C98306A00A55754 /* LCSubTagCell.h */ = {isa = PBXFileReference; fileEncoding = 4; lastKnownFileType = sourcecode.c.h; path = LCSubTagCell.h; sourceTree = "<group>"; };
		847E621C1C98306A00A55754 /* LCSubTagCell.m */ = {isa = PBXFileReference; fileEncoding = 4; lastKnownFileType = sourcecode.c.objc; path = LCSubTagCell.m; sourceTree = "<group>"; };
		847E621E1C98309100A55754 /* LCSubTagCell.xib */ = {isa = PBXFileReference; fileEncoding = 4; lastKnownFileType = file.xib; path = LCSubTagCell.xib; sourceTree = "<group>"; };
		847E62201C9847D100A55754 /* LCFriendTrendViewController.xib */ = {isa = PBXFileReference; fileEncoding = 4; lastKnownFileType = file.xib; path = LCFriendTrendViewController.xib; sourceTree = "<group>"; };
		847E62221C9851EF00A55754 /* LCLoginRegisterViewController.h */ = {isa = PBXFileReference; fileEncoding = 4; lastKnownFileType = sourcecode.c.h; path = LCLoginRegisterViewController.h; sourceTree = "<group>"; };
		847E62231C9851EF00A55754 /* LCLoginRegisterViewController.m */ = {isa = PBXFileReference; fileEncoding = 4; lastKnownFileType = sourcecode.c.objc; path = LCLoginRegisterViewController.m; sourceTree = "<group>"; };
		847E62241C9851EF00A55754 /* LCLoginRegisterViewController.xib */ = {isa = PBXFileReference; fileEncoding = 4; lastKnownFileType = file.xib; path = LCLoginRegisterViewController.xib; sourceTree = "<group>"; };
		847E62271C9857BB00A55754 /* LCLoginRegistView.h */ = {isa = PBXFileReference; fileEncoding = 4; lastKnownFileType = sourcecode.c.h; path = LCLoginRegistView.h; sourceTree = "<group>"; };
		847E62281C9857BB00A55754 /* LCLoginRegistView.m */ = {isa = PBXFileReference; fileEncoding = 4; lastKnownFileType = sourcecode.c.objc; path = LCLoginRegistView.m; sourceTree = "<group>"; };
		847E622A1C9857D700A55754 /* LCLoginRegistView.xib */ = {isa = PBXFileReference; fileEncoding = 4; lastKnownFileType = file.xib; path = LCLoginRegistView.xib; sourceTree = "<group>"; };
		847E622C1C986DE300A55754 /* LCFastLoginRegistView.h */ = {isa = PBXFileReference; fileEncoding = 4; lastKnownFileType = sourcecode.c.h; path = LCFastLoginRegistView.h; sourceTree = "<group>"; };
		847E622D1C986DE300A55754 /* LCFastLoginRegistView.m */ = {isa = PBXFileReference; fileEncoding = 4; lastKnownFileType = sourcecode.c.objc; path = LCFastLoginRegistView.m; sourceTree = "<group>"; };
		847E622F1C986DF600A55754 /* LCFastLoginRegistView.xib */ = {isa = PBXFileReference; fileEncoding = 4; lastKnownFileType = file.xib; path = LCFastLoginRegistView.xib; sourceTree = "<group>"; };
		847E62311C9873E500A55754 /* LCRegistButton.h */ = {isa = PBXFileReference; fileEncoding = 4; lastKnownFileType = sourcecode.c.h; path = LCRegistButton.h; sourceTree = "<group>"; };
		847E62321C9873E500A55754 /* LCRegistButton.m */ = {isa = PBXFileReference; fileEncoding = 4; lastKnownFileType = sourcecode.c.objc; path = LCRegistButton.m; sourceTree = "<group>"; };
		8493E4221C99935300BB2B8F /* LCWebViewController.h */ = {isa = PBXFileReference; fileEncoding = 4; lastKnownFileType = sourcecode.c.h; path = LCWebViewController.h; sourceTree = "<group>"; };
		8493E4231C99935300BB2B8F /* LCWebViewController.m */ = {isa = PBXFileReference; fileEncoding = 4; lastKnownFileType = sourcecode.c.objc; path = LCWebViewController.m; sourceTree = "<group>"; };
		8493E4241C99935300BB2B8F /* LCWebViewController.xib */ = {isa = PBXFileReference; fileEncoding = 4; lastKnownFileType = file.xib; path = LCWebViewController.xib; sourceTree = "<group>"; };
		8493E4271C99977500BB2B8F /* WebKit.framework */ = {isa = PBXFileReference; lastKnownFileType = wrapper.framework; name = WebKit.framework; path = System/Library/Frameworks/WebKit.framework; sourceTree = SDKROOT; };
		8493E42A1C99A60900BB2B8F /* LCCleanFileTool.h */ = {isa = PBXFileReference; fileEncoding = 4; lastKnownFileType = sourcecode.c.h; path = LCCleanFileTool.h; sourceTree = "<group>"; };
		8493E42B1C99A60900BB2B8F /* LCCleanFileTool.m */ = {isa = PBXFileReference; fileEncoding = 4; lastKnownFileType = sourcecode.c.objc; path = LCCleanFileTool.m; sourceTree = "<group>"; };
		849942831C9969340031CBB0 /* LCLoginTextField.h */ = {isa = PBXFileReference; fileEncoding = 4; lastKnownFileType = sourcecode.c.h; path = LCLoginTextField.h; sourceTree = "<group>"; };
		849942841C9969340031CBB0 /* LCLoginTextField.m */ = {isa = PBXFileReference; fileEncoding = 4; lastKnownFileType = sourcecode.c.objc; path = LCLoginTextField.m; sourceTree = "<group>"; };
		849942861C996B7C0031CBB0 /* UITextField+Placeholder.h */ = {isa = PBXFileReference; fileEncoding = 4; lastKnownFileType = sourcecode.c.h; path = "UITextField+Placeholder.h"; sourceTree = "<group>"; };
		849942871C996B7C0031CBB0 /* UITextField+Placeholder.m */ = {isa = PBXFileReference; fileEncoding = 4; lastKnownFileType = sourcecode.c.objc; path = "UITextField+Placeholder.m"; sourceTree = "<group>"; };
		849942891C9974D80031CBB0 /* LCMineViewController.storyboard */ = {isa = PBXFileReference; fileEncoding = 4; lastKnownFileType = file.storyboard; path = LCMineViewController.storyboard; sourceTree = "<group>"; };
		8499428B1C997AF90031CBB0 /* LCSquareItem.h */ = {isa = PBXFileReference; fileEncoding = 4; lastKnownFileType = sourcecode.c.h; path = LCSquareItem.h; sourceTree = "<group>"; };
		8499428C1C997AF90031CBB0 /* LCSquareItem.m */ = {isa = PBXFileReference; fileEncoding = 4; lastKnownFileType = sourcecode.c.objc; path = LCSquareItem.m; sourceTree = "<group>"; };
		8499428E1C997F310031CBB0 /* LCSquareCell.h */ = {isa = PBXFileReference; fileEncoding = 4; lastKnownFileType = sourcecode.c.h; path = LCSquareCell.h; sourceTree = "<group>"; };
		8499428F1C997F310031CBB0 /* LCSquareCell.m */ = {isa = PBXFileReference; fileEncoding = 4; lastKnownFileType = sourcecode.c.objc; path = LCSquareCell.m; sourceTree = "<group>"; };
		849942901C997F310031CBB0 /* LCSquareCell.xib */ = {isa = PBXFileReference; fileEncoding = 4; lastKnownFileType = file.xib; path = LCSquareCell.xib; sourceTree = "<group>"; };
		84E66F5A1CA15616000302F7 /* LCTopic.h */ = {isa = PBXFileReference; fileEncoding = 4; lastKnownFileType = sourcecode.c.h; path = LCTopic.h; sourceTree = "<group>"; };
		84E66F5B1CA15616000302F7 /* LCTopic.m */ = {isa = PBXFileReference; fileEncoding = 4; lastKnownFileType = sourcecode.c.objc; path = LCTopic.m; sourceTree = "<group>"; };
		84E66F5D1CA16B45000302F7 /* LCTopicViewCell.h */ = {isa = PBXFileReference; fileEncoding = 4; lastKnownFileType = sourcecode.c.h; path = LCTopicViewCell.h; sourceTree = "<group>"; };
		84E66F5E1CA16B45000302F7 /* LCTopicViewCell.m */ = {isa = PBXFileReference; fileEncoding = 4; lastKnownFileType = sourcecode.c.objc; path = LCTopicViewCell.m; sourceTree = "<group>"; };
		84E66F5F1CA16B45000302F7 /* LCTopicViewCell.xib */ = {isa = PBXFileReference; fileEncoding = 4; lastKnownFileType = file.xib; path = LCTopicViewCell.xib; sourceTree = "<group>"; };
		AF71F20D7475EB4FC8DB1592 /* Pods.release.xcconfig */ = {isa = PBXFileReference; includeInIndex = 1; lastKnownFileType = text.xcconfig; name = Pods.release.xcconfig; path = "Pods/Target Support Files/Pods/Pods.release.xcconfig"; sourceTree = "<group>"; };
/* End PBXFileReference section */

/* Begin PBXFrameworksBuildPhase section */
		84404BD51C92D73F008FE8C1 /* Frameworks */ = {
			isa = PBXFrameworksBuildPhase;
			buildActionMask = 2147483647;
			files = (
				8493E4281C99977500BB2B8F /* WebKit.framework in Frameworks */,
				7970A514D20697770324DFD8 /* libPods.a in Frameworks */,
			);
			runOnlyForDeploymentPostprocessing = 0;
		};
/* End PBXFrameworksBuildPhase section */

/* Begin PBXGroup section */
		6A11DCDA6C56FF19D9D12CBA /* Frameworks */ = {
			isa = PBXGroup;
			children = (
				8493E4271C99977500BB2B8F /* WebKit.framework */,
				46A13255C74E2132373D66B5 /* libPods.a */,
			);
			name = Frameworks;
			sourceTree = "<group>";
		};
		841474001C9A43D000512FFB /* ChildController */ = {
			isa = PBXGroup;
			children = (
				841474011C9A443900512FFB /* LCAllViewController.h */,
				841474021C9A443900512FFB /* LCAllViewController.m */,
				841474041C9A444E00512FFB /* LCVideoViewController.h */,
				841474051C9A444E00512FFB /* LCVideoViewController.m */,
				841474071C9A447600512FFB /* LCSoundViewController.h */,
				841474081C9A447600512FFB /* LCSoundViewController.m */,
				8414740A1C9A44A000512FFB /* LCPictureViewController.h */,
				8414740B1C9A44A000512FFB /* LCPictureViewController.m */,
				8414740D1C9A44E500512FFB /* LCPieceViewController.h */,
				8414740E1C9A44E500512FFB /* LCPieceViewController.m */,
			);
			path = ChildController;
			sourceTree = "<group>";
		};
		842B02441C943D47003B6095 /* Setting(设置) */ = {
			isa = PBXGroup;
			children = (
				842B02451C943D47003B6095 /* Controller */,
				842B02461C943D47003B6095 /* Model */,
				842B02471C943D47003B6095 /* View */,
			);
			path = "Setting(设置)";
			sourceTree = "<group>";
		};
		842B02451C943D47003B6095 /* Controller */ = {
			isa = PBXGroup;
			children = (
				842B02481C943D6E003B6095 /* LCSettingViewController.h */,
				842B02491C943D6E003B6095 /* LCSettingViewController.m */,
			);
			path = Controller;
			sourceTree = "<group>";
		};
		842B02461C943D47003B6095 /* Model */ = {
			isa = PBXGroup;
			children = (
			);
			path = Model;
			sourceTree = "<group>";
		};
		842B02471C943D47003B6095 /* View */ = {
			isa = PBXGroup;
			children = (
			);
			path = View;
			sourceTree = "<group>";
		};
		842B024E1C945418003B6095 /* AD(广告) */ = {
			isa = PBXGroup;
			children = (
				842B024F1C945418003B6095 /* Controller */,
				842B02501C945418003B6095 /* Model */,
				842B02511C945418003B6095 /* View */,
			);
			path = "AD(广告)";
			sourceTree = "<group>";
		};
		842B024F1C945418003B6095 /* Controller */ = {
			isa = PBXGroup;
			children = (
				842B02521C945436003B6095 /* LCADViewController.h */,
				842B02531C945436003B6095 /* LCADViewController.m */,
				842B02551C945485003B6095 /* LCADViewController.xib */,
			);
			path = Controller;
			sourceTree = "<group>";
		};
		842B02501C945418003B6095 /* Model */ = {
			isa = PBXGroup;
			children = (
				847E62151C98217C00A55754 /* LCADItem.h */,
				847E62161C98217C00A55754 /* LCADItem.m */,
			);
			path = Model;
			sourceTree = "<group>";
		};
		842B02511C945418003B6095 /* View */ = {
			isa = PBXGroup;
			children = (
			);
			path = View;
			sourceTree = "<group>";
		};
		842B02571C945516003B6095 /* Brand Assets.launchimage */ = {
			isa = PBXGroup;
			children = (
				842B02581C945516003B6095 /* Contents.json */,
				842B02591C945516003B6095 /* LaunchImage-568h@2x.png */,
				842B025A1C945516003B6095 /* LaunchImage-700-568h@2x.png */,
				842B025B1C945516003B6095 /* LaunchImage-700@2x.png */,
				842B025C1C945516003B6095 /* LaunchImage-800-667h@2x.png */,
				842B025D1C945516003B6095 /* LaunchImage-800-Portrait-736h@3x.png */,
				842B025E1C945516003B6095 /* LaunchImage.png */,
				842B025F1C945516003B6095 /* LaunchImage@2x.png */,
			);
			name = "Brand Assets.launchimage";
			path = "Assets.xcassets/Brand Assets.launchimage";
			sourceTree = "<group>";
		};
		8437F59B1C92E690000926BA /* Categary */ = {
			isa = PBXGroup;
			children = (
				8437F59C1C92E6A9000926BA /* UIImage+LC.h */,
				8437F59D1C92E6A9000926BA /* UIImage+LC.m */,
				842B02411C943070003B6095 /* UIBarButtonItem+LC.h */,
				842B02421C943070003B6095 /* UIBarButtonItem+LC.m */,
				842B02681C945F97003B6095 /* UIView+LCFrame.h */,
				842B02691C945F97003B6095 /* UIView+LCFrame.m */,
				849942861C996B7C0031CBB0 /* UITextField+Placeholder.h */,
				849942871C996B7C0031CBB0 /* UITextField+Placeholder.m */,
			);
			path = Categary;
			sourceTree = "<group>";
		};
		84404BCF1C92D73F008FE8C1 = {
			isa = PBXGroup;
			children = (
				84404BDA1C92D73F008FE8C1 /* LCBudejie */,
				84404BD91C92D73F008FE8C1 /* Products */,
				F154A3376C9F5A740BBC603A /* Pods */,
				6A11DCDA6C56FF19D9D12CBA /* Frameworks */,
			);
			sourceTree = "<group>";
		};
		84404BD91C92D73F008FE8C1 /* Products */ = {
			isa = PBXGroup;
			children = (
				84404BD81C92D73F008FE8C1 /* LCBudejie.app */,
			);
			name = Products;
			sourceTree = "<group>";
		};
		84404BDA1C92D73F008FE8C1 /* LCBudejie */ = {
			isa = PBXGroup;
			children = (
				84404BFF1C92DD03008FE8C1 /* Classes */,
				84404BF81C92D920008FE8C1 /* Other */,
				84404BDB1C92D73F008FE8C1 /* Supporting Files */,
			);
			path = LCBudejie;
			sourceTree = "<group>";
		};
		84404BDB1C92D73F008FE8C1 /* Supporting Files */ = {
			isa = PBXGroup;
			children = (
				842B02571C945516003B6095 /* Brand Assets.launchimage */,
				84404BE41C92D73F008FE8C1 /* Main.storyboard */,
				84404BE71C92D73F008FE8C1 /* Assets.xcassets */,
				84404BE91C92D73F008FE8C1 /* LaunchScreen.storyboard */,
				84404BEC1C92D73F008FE8C1 /* Info.plist */,
			);
			name = "Supporting Files";
			sourceTree = "<group>";
		};
		84404BF81C92D920008FE8C1 /* Other */ = {
			isa = PBXGroup;
			children = (
				8493E4291C99A5AE00BB2B8F /* Tool */,
				8437F59B1C92E690000926BA /* Categary */,
				84404BF91C92D920008FE8C1 /* AppDelegate.h */,
				84404BFA1C92D920008FE8C1 /* AppDelegate.m */,
				84404BFB1C92D920008FE8C1 /* main.m */,
				842B02351C93DA3B003B6095 /* LCBudejie.pch */,
				8462E03A1C9C27F8007620FB /* LCConst.h */,
				8462E03B1C9C27F8007620FB /* LCConst.m */,
			);
			name = Other;
			path = Classes/Other;
			sourceTree = "<group>";
		};
		84404BFF1C92DD03008FE8C1 /* Classes */ = {
			isa = PBXGroup;
			children = (
				842B024E1C945418003B6095 /* AD(广告) */,
				842B02441C943D47003B6095 /* Setting(设置) */,
				84404C001C92DD03008FE8C1 /* Essence(精华) */,
				84404C041C92DD03008FE8C1 /* FriendTrend(关注) */,
				84404C081C92DD03008FE8C1 /* Main(主要) */,
				84404C0C1C92DD03008FE8C1 /* Me(我) */,
				84404C101C92DD03008FE8C1 /* New(新帖) */,
				84404C181C92DD03008FE8C1 /* Publish(发布) */,
			);
			path = Classes;
			sourceTree = "<group>";
		};
		84404C001C92DD03008FE8C1 /* Essence(精华) */ = {
			isa = PBXGroup;
			children = (
				84404C011C92DD03008FE8C1 /* Controller */,
				84404C021C92DD03008FE8C1 /* Model */,
				84404C031C92DD03008FE8C1 /* View */,
			);
			path = "Essence(精华)";
			sourceTree = "<group>";
		};
		84404C011C92DD03008FE8C1 /* Controller */ = {
			isa = PBXGroup;
			children = (
				841474001C9A43D000512FFB /* ChildController */,
				8437F58C1C92DF87000926BA /* LCEssenceViewController.h */,
				8437F58D1C92DF87000926BA /* LCEssenceViewController.m */,
			);
			path = Controller;
			sourceTree = "<group>";
		};
		84404C021C92DD03008FE8C1 /* Model */ = {
			isa = PBXGroup;
			children = (
				84E66F5A1CA15616000302F7 /* LCTopic.h */,
				84E66F5B1CA15616000302F7 /* LCTopic.m */,
			);
			path = Model;
			sourceTree = "<group>";
		};
		84404C031C92DD03008FE8C1 /* View */ = {
			isa = PBXGroup;
			children = (
				8462E03D1C9C3530007620FB /* LCTitleButton.h */,
				8462E03E1C9C3530007620FB /* LCTitleButton.m */,
				84E66F5D1CA16B45000302F7 /* LCTopicViewCell.h */,
				84E66F5E1CA16B45000302F7 /* LCTopicViewCell.m */,
				84E66F5F1CA16B45000302F7 /* LCTopicViewCell.xib */,
			);
			path = View;
			sourceTree = "<group>";
		};
		84404C041C92DD03008FE8C1 /* FriendTrend(关注) */ = {
			isa = PBXGroup;
			children = (
				84404C051C92DD03008FE8C1 /* Controller */,
				84404C061C92DD03008FE8C1 /* Model */,
				84404C071C92DD03008FE8C1 /* View */,
			);
			path = "FriendTrend(关注)";
			sourceTree = "<group>";
		};
		84404C051C92DD03008FE8C1 /* Controller */ = {
			isa = PBXGroup;
			children = (
				8437F58F1C92DFB7000926BA /* LCFriendTrendViewController.h */,
				8437F5901C92DFB7000926BA /* LCFriendTrendViewController.m */,
				847E62201C9847D100A55754 /* LCFriendTrendViewController.xib */,
				847E62221C9851EF00A55754 /* LCLoginRegisterViewController.h */,
				847E62231C9851EF00A55754 /* LCLoginRegisterViewController.m */,
				847E62241C9851EF00A55754 /* LCLoginRegisterViewController.xib */,
			);
			path = Controller;
			sourceTree = "<group>";
		};
		84404C061C92DD03008FE8C1 /* Model */ = {
			isa = PBXGroup;
			children = (
			);
			path = Model;
			sourceTree = "<group>";
		};
		84404C071C92DD03008FE8C1 /* View */ = {
			isa = PBXGroup;
			children = (
				847E62271C9857BB00A55754 /* LCLoginRegistView.h */,
				847E62281C9857BB00A55754 /* LCLoginRegistView.m */,
				847E622A1C9857D700A55754 /* LCLoginRegistView.xib */,
				847E622C1C986DE300A55754 /* LCFastLoginRegistView.h */,
				847E622D1C986DE300A55754 /* LCFastLoginRegistView.m */,
				847E622F1C986DF600A55754 /* LCFastLoginRegistView.xib */,
				847E62311C9873E500A55754 /* LCRegistButton.h */,
				847E62321C9873E500A55754 /* LCRegistButton.m */,
				849942831C9969340031CBB0 /* LCLoginTextField.h */,
				849942841C9969340031CBB0 /* LCLoginTextField.m */,
			);
			path = View;
			sourceTree = "<group>";
		};
		84404C081C92DD03008FE8C1 /* Main(主要) */ = {
			isa = PBXGroup;
			children = (
				84404C091C92DD03008FE8C1 /* Controller */,
				84404C0A1C92DD03008FE8C1 /* Model */,
				84404C0B1C92DD03008FE8C1 /* View */,
			);
			path = "Main(主要)";
			sourceTree = "<group>";
		};
		84404C091C92DD03008FE8C1 /* Controller */ = {
			isa = PBXGroup;
			children = (
				8437F5891C92DE6E000926BA /* LCTabBarController.h */,
				8437F58A1C92DE6E000926BA /* LCTabBarController.m */,
				842B023B1C942E17003B6095 /* LCNavigationController.h */,
				842B023C1C942E17003B6095 /* LCNavigationController.m */,
			);
			path = Controller;
			sourceTree = "<group>";
		};
		84404C0A1C92DD03008FE8C1 /* Model */ = {
			isa = PBXGroup;
			children = (
			);
			path = Model;
			sourceTree = "<group>";
		};
		84404C0B1C92DD03008FE8C1 /* View */ = {
			isa = PBXGroup;
			children = (
				842B02381C942547003B6095 /* LCTabBar.h */,
				842B02391C942547003B6095 /* LCTabBar.m */,
			);
			path = View;
			sourceTree = "<group>";
		};
		84404C0C1C92DD03008FE8C1 /* Me(我) */ = {
			isa = PBXGroup;
			children = (
				84404C0D1C92DD03008FE8C1 /* Controller */,
				84404C0E1C92DD03008FE8C1 /* Model */,
				84404C0F1C92DD03008FE8C1 /* View */,
			);
			path = "Me(我)";
			sourceTree = "<group>";
		};
		84404C0D1C92DD03008FE8C1 /* Controller */ = {
			isa = PBXGroup;
			children = (
				8437F5921C92DFE2000926BA /* LCMineViewController.h */,
				8437F5931C92DFE2000926BA /* LCMineViewController.m */,
				849942891C9974D80031CBB0 /* LCMineViewController.storyboard */,
				8493E4221C99935300BB2B8F /* LCWebViewController.h */,
				8493E4231C99935300BB2B8F /* LCWebViewController.m */,
				8493E4241C99935300BB2B8F /* LCWebViewController.xib */,
			);
			path = Controller;
			sourceTree = "<group>";
		};
		84404C0E1C92DD03008FE8C1 /* Model */ = {
			isa = PBXGroup;
			children = (
				8499428B1C997AF90031CBB0 /* LCSquareItem.h */,
				8499428C1C997AF90031CBB0 /* LCSquareItem.m */,
			);
			path = Model;
			sourceTree = "<group>";
		};
		84404C0F1C92DD03008FE8C1 /* View */ = {
			isa = PBXGroup;
			children = (
				8499428E1C997F310031CBB0 /* LCSquareCell.h */,
				8499428F1C997F310031CBB0 /* LCSquareCell.m */,
				849942901C997F310031CBB0 /* LCSquareCell.xib */,
			);
			path = View;
			sourceTree = "<group>";
		};
		84404C101C92DD03008FE8C1 /* New(新帖) */ = {
			isa = PBXGroup;
			children = (
				84404C111C92DD03008FE8C1 /* Controller */,
				84404C121C92DD03008FE8C1 /* Model */,
				84404C131C92DD03008FE8C1 /* View */,
			);
			path = "New(新帖)";
			sourceTree = "<group>";
		};
		84404C111C92DD03008FE8C1 /* Controller */ = {
			isa = PBXGroup;
			children = (
				8437F5951C92E002000926BA /* LCNewViewController.h */,
				8437F5961C92E002000926BA /* LCNewViewController.m */,
				842B024B1C9442A4003B6095 /* LCRecomViewController.h */,
				842B024C1C9442A4003B6095 /* LCRecomViewController.m */,
			);
			path = Controller;
			sourceTree = "<group>";
		};
		84404C121C92DD03008FE8C1 /* Model */ = {
			isa = PBXGroup;
			children = (
				847E62181C982DAE00A55754 /* LCSubTagItem.h */,
				847E62191C982DAE00A55754 /* LCSubTagItem.m */,
			);
			path = Model;
			sourceTree = "<group>";
		};
		84404C131C92DD03008FE8C1 /* View */ = {
			isa = PBXGroup;
			children = (
				847E621B1C98306A00A55754 /* LCSubTagCell.h */,
				847E621C1C98306A00A55754 /* LCSubTagCell.m */,
				847E621E1C98309100A55754 /* LCSubTagCell.xib */,
			);
			path = View;
			sourceTree = "<group>";
		};
		84404C181C92DD03008FE8C1 /* Publish(发布) */ = {
			isa = PBXGroup;
			children = (
				84404C191C92DD03008FE8C1 /* Controller */,
				84404C1A1C92DD03008FE8C1 /* Model */,
				84404C1B1C92DD03008FE8C1 /* View */,
			);
			path = "Publish(发布)";
			sourceTree = "<group>";
		};
		84404C191C92DD03008FE8C1 /* Controller */ = {
			isa = PBXGroup;
			children = (
				8437F5981C92E02D000926BA /* LCPublishViewController.h */,
				8437F5991C92E02D000926BA /* LCPublishViewController.m */,
			);
			path = Controller;
			sourceTree = "<group>";
		};
		84404C1A1C92DD03008FE8C1 /* Model */ = {
			isa = PBXGroup;
			children = (
			);
			path = Model;
			sourceTree = "<group>";
		};
		84404C1B1C92DD03008FE8C1 /* View */ = {
			isa = PBXGroup;
			children = (
			);
			path = View;
			sourceTree = "<group>";
		};
		8493E4291C99A5AE00BB2B8F /* Tool */ = {
			isa = PBXGroup;
			children = (
				8493E42A1C99A60900BB2B8F /* LCCleanFileTool.h */,
				8493E42B1C99A60900BB2B8F /* LCCleanFileTool.m */,
			);
			path = Tool;
			sourceTree = "<group>";
		};
		F154A3376C9F5A740BBC603A /* Pods */ = {
			isa = PBXGroup;
			children = (
				11653FC2223D5464D20E7DCD /* Pods.debug.xcconfig */,
				AF71F20D7475EB4FC8DB1592 /* Pods.release.xcconfig */,
			);
			name = Pods;
			sourceTree = "<group>";
		};
/* End PBXGroup section */

/* Begin PBXNativeTarget section */
		84404BD71C92D73F008FE8C1 /* LCBudejie */ = {
			isa = PBXNativeTarget;
			buildConfigurationList = 84404BEF1C92D73F008FE8C1 /* Build configuration list for PBXNativeTarget "LCBudejie" */;
			buildPhases = (
				0AC8CB36F9E74563F3D55703 /* Check Pods Manifest.lock */,
				84404BD41C92D73F008FE8C1 /* Sources */,
				84404BD51C92D73F008FE8C1 /* Frameworks */,
				84404BD61C92D73F008FE8C1 /* Resources */,
				001FF43765C6930A8E7C81BE /* Embed Pods Frameworks */,
				011EF64DE1DFC3A757C1FE64 /* Copy Pods Resources */,
			);
			buildRules = (
			);
			dependencies = (
			);
			name = LCBudejie;
			productName = LCBudejie;
			productReference = 84404BD81C92D73F008FE8C1 /* LCBudejie.app */;
			productType = "com.apple.product-type.application";
		};
/* End PBXNativeTarget section */

/* Begin PBXProject section */
		84404BD01C92D73F008FE8C1 /* Project object */ = {
			isa = PBXProject;
			attributes = {
				CLASSPREFIX = LC;
				LastUpgradeCheck = 0710;
				ORGANIZATIONNAME = LC;
				TargetAttributes = {
					84404BD71C92D73F008FE8C1 = {
						CreatedOnToolsVersion = 7.1;
					};
				};
			};
			buildConfigurationList = 84404BD31C92D73F008FE8C1 /* Build configuration list for PBXProject "LCBudejie" */;
			compatibilityVersion = "Xcode 3.2";
			developmentRegion = English;
			hasScannedForEncodings = 0;
			knownRegions = (
				en,
				Base,
			);
			mainGroup = 84404BCF1C92D73F008FE8C1;
			productRefGroup = 84404BD91C92D73F008FE8C1 /* Products */;
			projectDirPath = "";
			projectRoot = "";
			targets = (
				84404BD71C92D73F008FE8C1 /* LCBudejie */,
			);
		};
/* End PBXProject section */

/* Begin PBXResourcesBuildPhase section */
		84404BD61C92D73F008FE8C1 /* Resources */ = {
			isa = PBXResourcesBuildPhase;
			buildActionMask = 2147483647;
			files = (
				842B02621C945516003B6095 /* LaunchImage-700-568h@2x.png in Resources */,
				842B02671C945516003B6095 /* LaunchImage@2x.png in Resources */,
				842B02601C945516003B6095 /* Contents.json in Resources */,
				84404BEB1C92D73F008FE8C1 /* LaunchScreen.storyboard in Resources */,
				8493E4261C99935300BB2B8F /* LCWebViewController.xib in Resources */,
				84404BE81C92D73F008FE8C1 /* Assets.xcassets in Resources */,
				847E62301C986DF600A55754 /* LCFastLoginRegistView.xib in Resources */,
				847E62261C9851EF00A55754 /* LCLoginRegisterViewController.xib in Resources */,
				842B02641C945516003B6095 /* LaunchImage-800-667h@2x.png in Resources */,
				847E622B1C9857D700A55754 /* LCLoginRegistView.xib in Resources */,
				842B02561C945485003B6095 /* LCADViewController.xib in Resources */,
				847E62211C9847D100A55754 /* LCFriendTrendViewController.xib in Resources */,
				842B02631C945516003B6095 /* LaunchImage-700@2x.png in Resources */,
				842B02611C945516003B6095 /* LaunchImage-568h@2x.png in Resources */,
				849942921C997F310031CBB0 /* LCSquareCell.xib in Resources */,
				84E66F611CA16B45000302F7 /* LCTopicViewCell.xib in Resources */,
				842B02651C945516003B6095 /* LaunchImage-800-Portrait-736h@3x.png in Resources */,
				84404BE61C92D73F008FE8C1 /* Main.storyboard in Resources */,
				842B02661C945516003B6095 /* LaunchImage.png in Resources */,
				847E621F1C98309100A55754 /* LCSubTagCell.xib in Resources */,
				8499428A1C9974D80031CBB0 /* LCMineViewController.storyboard in Resources */,
			);
			runOnlyForDeploymentPostprocessing = 0;
		};
/* End PBXResourcesBuildPhase section */

/* Begin PBXShellScriptBuildPhase section */
		001FF43765C6930A8E7C81BE /* Embed Pods Frameworks */ = {
			isa = PBXShellScriptBuildPhase;
			buildActionMask = 2147483647;
			files = (
			);
			inputPaths = (
			);
			name = "Embed Pods Frameworks";
			outputPaths = (
			);
			runOnlyForDeploymentPostprocessing = 0;
			shellPath = /bin/sh;
			shellScript = "\"${SRCROOT}/Pods/Target Support Files/Pods/Pods-frameworks.sh\"\n";
			showEnvVarsInLog = 0;
		};
		011EF64DE1DFC3A757C1FE64 /* Copy Pods Resources */ = {
			isa = PBXShellScriptBuildPhase;
			buildActionMask = 2147483647;
			files = (
			);
			inputPaths = (
			);
			name = "Copy Pods Resources";
			outputPaths = (
			);
			runOnlyForDeploymentPostprocessing = 0;
			shellPath = /bin/sh;
			shellScript = "\"${SRCROOT}/Pods/Target Support Files/Pods/Pods-resources.sh\"\n";
			showEnvVarsInLog = 0;
		};
		0AC8CB36F9E74563F3D55703 /* Check Pods Manifest.lock */ = {
			isa = PBXShellScriptBuildPhase;
			buildActionMask = 2147483647;
			files = (
			);
			inputPaths = (
			);
			name = "Check Pods Manifest.lock";
			outputPaths = (
			);
			runOnlyForDeploymentPostprocessing = 0;
			shellPath = /bin/sh;
			shellScript = "diff \"${PODS_ROOT}/../Podfile.lock\" \"${PODS_ROOT}/Manifest.lock\" > /dev/null\nif [[ $? != 0 ]] ; then\n    cat << EOM\nerror: The sandbox is not in sync with the Podfile.lock. Run 'pod install' or update your CocoaPods installation.\nEOM\n    exit 1\nfi\n";
			showEnvVarsInLog = 0;
		};
/* End PBXShellScriptBuildPhase section */

/* Begin PBXSourcesBuildPhase section */
		84404BD41C92D73F008FE8C1 /* Sources */ = {
			isa = PBXSourcesBuildPhase;
			buildActionMask = 2147483647;
			files = (
				8437F58E1C92DF87000926BA /* LCEssenceViewController.m in Sources */,
				849942911C997F310031CBB0 /* LCSquareCell.m in Sources */,
				847E62171C98217C00A55754 /* LCADItem.m in Sources */,
				84E66F601CA16B45000302F7 /* LCTopicViewCell.m in Sources */,
				8499428D1C997AF90031CBB0 /* LCSquareItem.m in Sources */,
				8437F59A1C92E02D000926BA /* LCPublishViewController.m in Sources */,
				842B023A1C942547003B6095 /* LCTabBar.m in Sources */,
				8414740F1C9A44E500512FFB /* LCPieceViewController.m in Sources */,
				842B02431C943070003B6095 /* UIBarButtonItem+LC.m in Sources */,
				841474031C9A443900512FFB /* LCAllViewController.m in Sources */,
				8437F58B1C92DE6E000926BA /* LCTabBarController.m in Sources */,
				841474091C9A447600512FFB /* LCSoundViewController.m in Sources */,
				847E621D1C98306A00A55754 /* LCSubTagCell.m in Sources */,
				8437F5941C92DFE2000926BA /* LCMineViewController.m in Sources */,
				84404BFE1C92D920008FE8C1 /* main.m in Sources */,
				8414740C1C9A44A000512FFB /* LCPictureViewController.m in Sources */,
				847E62331C9873E500A55754 /* LCRegistButton.m in Sources */,
				841474061C9A444E00512FFB /* LCVideoViewController.m in Sources */,
				847E62291C9857BB00A55754 /* LCLoginRegistView.m in Sources */,
				84E66F5C1CA15616000302F7 /* LCTopic.m in Sources */,
				8493E42C1C99A60900BB2B8F /* LCCleanFileTool.m in Sources */,
				8437F5911C92DFB7000926BA /* LCFriendTrendViewController.m in Sources */,
				847E62251C9851EF00A55754 /* LCLoginRegisterViewController.m in Sources */,
				849942881C996B7C0031CBB0 /* UITextField+Placeholder.m in Sources */,
				84404BFD1C92D920008FE8C1 /* AppDelegate.m in Sources */,
				8462E03F1C9C3530007620FB /* LCTitleButton.m in Sources */,
				849942851C9969340031CBB0 /* LCLoginTextField.m in Sources */,
				842B026A1C945F97003B6095 /* UIView+LCFrame.m in Sources */,
				842B024A1C943D6E003B6095 /* LCSettingViewController.m in Sources */,
				842B023D1C942E17003B6095 /* LCNavigationController.m in Sources */,
				8437F59E1C92E6A9000926BA /* UIImage+LC.m in Sources */,
				8462E03C1C9C27F8007620FB /* LCConst.m in Sources */,
				847E622E1C986DE300A55754 /* LCFastLoginRegistView.m in Sources */,
				842B024D1C9442A4003B6095 /* LCRecomViewController.m in Sources */,
				8493E4251C99935300BB2B8F /* LCWebViewController.m in Sources */,
				842B02541C945436003B6095 /* LCADViewController.m in Sources */,
				8437F5971C92E002000926BA /* LCNewViewController.m in Sources */,
				847E621A1C982DAE00A55754 /* LCSubTagItem.m in Sources */,
			);
			runOnlyForDeploymentPostprocessing = 0;
		};
/* End PBXSourcesBuildPhase section */

/* Begin PBXVariantGroup section */
		84404BE41C92D73F008FE8C1 /* Main.storyboard */ = {
			isa = PBXVariantGroup;
			children = (
				84404BE51C92D73F008FE8C1 /* Base */,
			);
			name = Main.storyboard;
			sourceTree = "<group>";
		};
		84404BE91C92D73F008FE8C1 /* LaunchScreen.storyboard */ = {
			isa = PBXVariantGroup;
			children = (
				84404BEA1C92D73F008FE8C1 /* Base */,
			);
			name = LaunchScreen.storyboard;
			sourceTree = "<group>";
		};
/* End PBXVariantGroup section */

/* Begin XCBuildConfiguration section */
		84404BED1C92D73F008FE8C1 /* Debug */ = {
			isa = XCBuildConfiguration;
			buildSettings = {
				ALWAYS_SEARCH_USER_PATHS = NO;
				CLANG_CXX_LANGUAGE_STANDARD = "gnu++0x";
				CLANG_CXX_LIBRARY = "libc++";
				CLANG_ENABLE_MODULES = YES;
				CLANG_ENABLE_OBJC_ARC = YES;
				CLANG_WARN_BOOL_CONVERSION = YES;
				CLANG_WARN_CONSTANT_CONVERSION = YES;
				CLANG_WARN_DIRECT_OBJC_ISA_USAGE = YES_ERROR;
				CLANG_WARN_EMPTY_BODY = YES;
				CLANG_WARN_ENUM_CONVERSION = YES;
				CLANG_WARN_INT_CONVERSION = YES;
				CLANG_WARN_OBJC_ROOT_CLASS = YES_ERROR;
				CLANG_WARN_UNREACHABLE_CODE = YES;
				CLANG_WARN__DUPLICATE_METHOD_MATCH = YES;
				"CODE_SIGN_IDENTITY[sdk=iphoneos*]" = "iPhone Developer";
				COPY_PHASE_STRIP = NO;
				DEBUG_INFORMATION_FORMAT = dwarf;
				ENABLE_STRICT_OBJC_MSGSEND = YES;
				ENABLE_TESTABILITY = YES;
				GCC_C_LANGUAGE_STANDARD = gnu99;
				GCC_DYNAMIC_NO_PIC = NO;
				GCC_NO_COMMON_BLOCKS = YES;
				GCC_OPTIMIZATION_LEVEL = 0;
				GCC_PREPROCESSOR_DEFINITIONS = (
					"DEBUG=1",
					"$(inherited)",
				);
				GCC_WARN_64_TO_32_BIT_CONVERSION = YES;
				GCC_WARN_ABOUT_RETURN_TYPE = YES_ERROR;
				GCC_WARN_UNDECLARED_SELECTOR = YES;
				GCC_WARN_UNINITIALIZED_AUTOS = YES_AGGRESSIVE;
				GCC_WARN_UNUSED_FUNCTION = YES;
				GCC_WARN_UNUSED_VARIABLE = YES;
				IPHONEOS_DEPLOYMENT_TARGET = 9.1;
				MTL_ENABLE_DEBUG_INFO = YES;
				ONLY_ACTIVE_ARCH = YES;
				SDKROOT = iphoneos;
			};
			name = Debug;
		};
		84404BEE1C92D73F008FE8C1 /* Release */ = {
			isa = XCBuildConfiguration;
			buildSettings = {
				ALWAYS_SEARCH_USER_PATHS = NO;
				CLANG_CXX_LANGUAGE_STANDARD = "gnu++0x";
				CLANG_CXX_LIBRARY = "libc++";
				CLANG_ENABLE_MODULES = YES;
				CLANG_ENABLE_OBJC_ARC = YES;
				CLANG_WARN_BOOL_CONVERSION = YES;
				CLANG_WARN_CONSTANT_CONVERSION = YES;
				CLANG_WARN_DIRECT_OBJC_ISA_USAGE = YES_ERROR;
				CLANG_WARN_EMPTY_BODY = YES;
				CLANG_WARN_ENUM_CONVERSION = YES;
				CLANG_WARN_INT_CONVERSION = YES;
				CLANG_WARN_OBJC_ROOT_CLASS = YES_ERROR;
				CLANG_WARN_UNREACHABLE_CODE = YES;
				CLANG_WARN__DUPLICATE_METHOD_MATCH = YES;
				"CODE_SIGN_IDENTITY[sdk=iphoneos*]" = "iPhone Developer";
				COPY_PHASE_STRIP = NO;
				DEBUG_INFORMATION_FORMAT = "dwarf-with-dsym";
				ENABLE_NS_ASSERTIONS = NO;
				ENABLE_STRICT_OBJC_MSGSEND = YES;
				GCC_C_LANGUAGE_STANDARD = gnu99;
				GCC_NO_COMMON_BLOCKS = YES;
				GCC_WARN_64_TO_32_BIT_CONVERSION = YES;
				GCC_WARN_ABOUT_RETURN_TYPE = YES_ERROR;
				GCC_WARN_UNDECLARED_SELECTOR = YES;
				GCC_WARN_UNINITIALIZED_AUTOS = YES_AGGRESSIVE;
				GCC_WARN_UNUSED_FUNCTION = YES;
				GCC_WARN_UNUSED_VARIABLE = YES;
				IPHONEOS_DEPLOYMENT_TARGET = 9.1;
				MTL_ENABLE_DEBUG_INFO = NO;
				SDKROOT = iphoneos;
				VALIDATE_PRODUCT = YES;
			};
			name = Release;
		};
		84404BF01C92D73F008FE8C1 /* Debug */ = {
			isa = XCBuildConfiguration;
			baseConfigurationReference = 11653FC2223D5464D20E7DCD /* Pods.debug.xcconfig */;
			buildSettings = {
				ASSETCATALOG_COMPILER_APPICON_NAME = AppIcon;
				ASSETCATALOG_COMPILER_LAUNCHIMAGE_NAME = "Brand Assets";
				CODE_SIGN_IDENTITY = "iPhone Developer";
				"CODE_SIGN_IDENTITY[sdk=iphoneos*]" = "iPhone Developer: 1179542975@qq.com (2T7W7M6D7B)";
				GCC_PRECOMPILE_PREFIX_HEADER = YES;
				GCC_PREFIX_HEADER = "$(SRCROOT)/LCBudejie/LCBudejie.pch";
				INFOPLIST_FILE = LCBudejie/Info.plist;
				IPHONEOS_DEPLOYMENT_TARGET = 7.0;
				LD_RUNPATH_SEARCH_PATHS = "$(inherited) @executable_path/Frameworks";
				PRODUCT_BUNDLE_IDENTIFIER = com.23.LCBudejie;
				PRODUCT_NAME = "$(TARGET_NAME)";
				PROVISIONING_PROFILE = "";
				TARGETED_DEVICE_FAMILY = 1;
			};
			name = Debug;
		};
		84404BF11C92D73F008FE8C1 /* Release */ = {
			isa = XCBuildConfiguration;
			baseConfigurationReference = AF71F20D7475EB4FC8DB1592 /* Pods.release.xcconfig */;
			buildSettings = {
				ASSETCATALOG_COMPILER_APPICON_NAME = AppIcon;
				ASSETCATALOG_COMPILER_LAUNCHIMAGE_NAME = "Brand Assets";
				CODE_SIGN_IDENTITY = "iPhone Developer";
				"CODE_SIGN_IDENTITY[sdk=iphoneos*]" = "iPhone Developer: 1179542975@qq.com (2T7W7M6D7B)";
				GCC_PRECOMPILE_PREFIX_HEADER = YES;
				GCC_PREFIX_HEADER = "$(SRCROOT)/LCBudejie/LCBudejie.pch";
				INFOPLIST_FILE = LCBudejie/Info.plist;
				IPHONEOS_DEPLOYMENT_TARGET = 7.0;
				LD_RUNPATH_SEARCH_PATHS = "$(inherited) @executable_path/Frameworks";
				PRODUCT_BUNDLE_IDENTIFIER = com.23.LCBudejie;
				PRODUCT_NAME = "$(TARGET_NAME)";
				PROVISIONING_PROFILE = "";
				TARGETED_DEVICE_FAMILY = 1;
			};
			name = Release;
		};
/* End XCBuildConfiguration section */

/* Begin XCConfigurationList section */
		84404BD31C92D73F008FE8C1 /* Build configuration list for PBXProject "LCBudejie" */ = {
			isa = XCConfigurationList;
			buildConfigurations = (
				84404BED1C92D73F008FE8C1 /* Debug */,
				84404BEE1C92D73F008FE8C1 /* Release */,
			);
			defaultConfigurationIsVisible = 0;
			defaultConfigurationName = Release;
		};
		84404BEF1C92D73F008FE8C1 /* Build configuration list for PBXNativeTarget "LCBudejie" */ = {
			isa = XCConfigurationList;
			buildConfigurations = (
				84404BF01C92D73F008FE8C1 /* Debug */,
				84404BF11C92D73F008FE8C1 /* Release */,
			);
			defaultConfigurationIsVisible = 0;
			defaultConfigurationName = Release;
		};
/* End XCConfigurationList section */
	};
	rootObject = 84404BD01C92D73F008FE8C1 /* Project object */;
}
